<?xml version="1.0" encoding="utf-8"?>
<Project ToolsVersion="4.0" xmlns="http://schemas.microsoft.com/developer/msbuild/2003">
  <ItemGroup>
    <Filter Include="Source Files">
      <UniqueIdentifier>{4FC737F1-C7A5-4376-A066-2A32D752A2FF}</UniqueIdentifier>
      <Extensions>cpp;c;cc;cxx;c++;cppm;ixx;def;odl;idl;hpj;bat;asm;asmx</Extensions>
    </Filter>
    <Filter Include="Header Files">
      <UniqueIdentifier>{93995380-89BD-4b04-88EB-625FBE52EBFB}</UniqueIdentifier>
      <Extensions>h;hh;hpp;hxx;h++;hm;inl;inc;ipp;xsd</Extensions>
    </Filter>
    <Filter Include="Resource Files">
      <UniqueIdentifier>{67DA6AB6-F800-4c08-8B7A-83BB121AAD01}</UniqueIdentifier>
      <Extensions>rc;ico;cur;bmp;dlg;rc2;rct;bin;rgs;gif;jpg;jpeg;jpe;resx;tiff;tif;png;wav;mfcribbon-ms</Extensions>
    </Filter>
  </ItemGroup>
  <ItemGroup>
    <ClCompile Include="Disassembler.cpp">
      <Filter>Source Files</Filter>
    </ClCompile>
    <ClCompile Include="Instruction\Instruction.cpp">
      <Filter>Source Files</Filter>
    </ClCompile>
    <ClCompile Include="Instruction\InstructionSchemas.cpp">
      <Filter>Source Files</Filter>
    </ClCompile>
    <ClCompile Include="ModRegRM\ModRegRM.cpp">
      <Filter>Source Files</Filter>
    </ClCompile>
    <ClCompile Include="ModRegRM\ModRegRMSchemas.cpp">
      <Filter>Source Files</Filter>
    </ClCompile>
    <ClCompile Include="ModRegRM\ModRegRMStrings.cpp">
      <Filter>Source Files</Filter>
    </ClCompile>
    <ClCompile Include="Operand\Operand.cpp">
      <Filter>Source Files</Filter>
    </ClCompile>
    <ClCompile Include="Operand\OperandSchemas.cpp">
      <Filter>Source Files</Filter>
    </ClCompile>
    <ClCompile Include="Operand\OperandStrings.cpp">
      <Filter>Source Files</Filter>
    </ClCompile>
    <ClCompile Include="Operator\Operator.cpp">
      <Filter>Source Files</Filter>
    </ClCompile>
    <ClCompile Include="Operator\OperatorSchemas.cpp">
      <Filter>Source Files</Filter>
    </ClCompile>
    <ClCompile Include="Operator\OperatorStrings.cpp">
      <Filter>Source Files</Filter>
    </ClCompile>
    <ClCompile Include="SIB\SIB.cpp">
      <Filter>Source Files</Filter>
    </ClCompile>
    <ClCompile Include="SIB\SIBSchemas.cpp">
      <Filter>Source Files</Filter>
    </ClCompile>
    <ClCompile Include="SIB\SIBStrings.cpp">
      <Filter>Source Files</Filter>
    </ClCompile>
    <ClCompile Include="main.cpp">
      <Filter>Source Files</Filter>
    </ClCompile>
  </ItemGroup>
  <ItemGroup>
    <ClInclude Include="Disassembler.h">
      <Filter>Header Files</Filter>
    </ClInclude>
    <ClInclude Include="DisassemblerFunctions.h">
      <Filter>Header Files</Filter>
    </ClInclude>
    <ClInclude Include="DisassemblerTypes.h">
      <Filter>Header Files</Filter>
    </ClInclude>
    <ClInclude Include="ModRegRM\ModRegRM.h">
      <Filter>Header Files</Filter>
    </ClInclude>
    <ClInclude Include="ModRegRM\ModRegRMEnums.h">
      <Filter>Header Files</Filter>
    </ClInclude>
    <ClInclude Include="ModRegRM\ModRegRMSchemas.h">
      <Filter>Header Files</Filter>
    </ClInclude>
    <ClInclude Include="ModRegRM\ModRegRMStrings.h">
      <Filter>Header Files</Filter>
    </ClInclude>
    <ClInclude Include="Instruction\Instruction.h">
      <Filter>Header Files</Filter>
    </ClInclude>
    <ClInclude Include="Instruction\InstructionSchemas.h">
      <Filter>Header Files</Filter>
    </ClInclude>
    <ClInclude Include="Operand\Operand.h">
      <Filter>Header Files</Filter>
    </ClInclude>
    <ClInclude Include="Operand\OperandEnums.h">
      <Filter>Header Files</Filter>
    </ClInclude>
    <ClInclude Include="Operand\OperandSchemas.h">
      <Filter>Header Files</Filter>
    </ClInclude>
    <ClInclude Include="Operand\OperandStrings.h">
      <Filter>Header Files</Filter>
    </ClInclude>
    <ClInclude Include="Operator\Operator.h">
      <Filter>Header Files</Filter>
    </ClInclude>
    <ClInclude Include="Operator\OperatorEnums.h">
      <Filter>Header Files</Filter>
    </ClInclude>
    <ClInclude Include="Operator\OperatorSchemas.h">
      <Filter>Header Files</Filter>
    </ClInclude>
    <ClInclude Include="Operator\OperatorStrings.h">
      <Filter>Header Files</Filter>
    </ClInclude>
    <ClInclude Include="SIB\SIB.h">
      <Filter>Header Files</Filter>
    </ClInclude>
    <ClInclude Include="SIB\SIBEnums.h">
      <Filter>Header Files</Filter>
    </ClInclude>
    <ClInclude Include="SIB\SIBSchemas.h">
      <Filter>Header Files</Filter>
    </ClInclude>
    <ClInclude Include="SIB\SIBStrings.h">
      <Filter>Header Files</Filter>
    </ClInclude>
  </ItemGroup>
</Project>